
Microsoft Visual Studio Solution File, Format Version 12.00
# Visual Studio Version 17
VisualStudioVersion = 17.6.33829.357
MinimumVisualStudioVersion = 10.0.40219.1
Project("{FAE04EC0-301F-11D3-BF4B-00C04F79EFBC}") = "Nhom6_QuanLyTourDuLich_BackEnd", "Nhom6_QuanLyTourDuLich_BackEnd\Nhom6_QuanLyTourDuLich_BackEnd.csproj", "{839BCBC4-C25B-44C1-A5C7-C4CC24FD09C6}"
EndProject
Global
	GlobalSection(SolutionConfigurationPlatforms) = preSolution
		Debug|Any CPU = Debug|Any CPU
		Release|Any CPU = Release|Any CPU
	EndGlobalSection
	GlobalSection(ProjectConfigurationPlatforms) = postSolution
		{839BCBC4-C25B-44C1-A5C7-C4CC24FD09C6}.Debug|Any CPU.ActiveCfg = Debug|Any CPU
		{839BCBC4-C25B-44C1-A5C7-C4CC24FD09C6}.Debug|Any CPU.Build.0 = Debug|Any CPU
		{839BCBC4-C25B-44C1-A5C7-C4CC24FD09C6}.Release|Any CPU.ActiveCfg = Release|Any CPU
		{839BCBC4-C25B-44C1-A5C7-C4CC24FD09C6}.Release|Any CPU.Build.0 = Release|Any CPU
	EndGlobalSection
	GlobalSection(SolutionProperties) = preSolution
		HideSolutionNode = FALSE
	EndGlobalSection
	GlobalSection(ExtensibilityGlobals) = postSolution
		SolutionGuid = {876793D1-AE2E-4E69-BDCD-23293943FFB9}
	EndGlobalSection
EndGlobal
